
Microsoft Visual Studio Solution File, Format Version 12.00
# Visual Studio 2017
Project("{FAE04EC0-301F-11D3-BF4B-00C04F79EFBC}") = "HUDV2", "HUDV2.csproj", "{2F520FF9-6AC7-DD07-0EDE-3B243EE7FBD8}"
EndProject
Project("{FAE04EC0-301F-11D3-BF4B-00C04F79EFBC}") = "HUDV2.Editor", "HUDV2.Editor.csproj", "{383AC4A3-5BB4-8CBB-48C5-EF6C10806C0E}"
EndProject
Global
	GlobalSection(SolutionConfigurationPlatforms) = preSolution
		Debug|Any CPU = Debug|Any CPU
		Release|Any CPU = Release|Any CPU
	EndGlobalSection
	GlobalSection(ProjectConfigurationPlatforms) = postSolution
		{2F520FF9-6AC7-DD07-0EDE-3B243EE7FBD8}.Debug|Any CPU.ActiveCfg = Debug|Any CPU
		{2F520FF9-6AC7-DD07-0EDE-3B243EE7FBD8}.Debug|Any CPU.Build.0 = Debug|Any CPU
		{2F520FF9-6AC7-DD07-0EDE-3B243EE7FBD8}.Release|Any CPU.ActiveCfg = Release|Any CPU
		{2F520FF9-6AC7-DD07-0EDE-3B243EE7FBD8}.Release|Any CPU.Build.0 = Release|Any CPU
		{383AC4A3-5BB4-8CBB-48C5-EF6C10806C0E}.Debug|Any CPU.ActiveCfg = Debug|Any CPU
		{383AC4A3-5BB4-8CBB-48C5-EF6C10806C0E}.Debug|Any CPU.Build.0 = Debug|Any CPU
		{383AC4A3-5BB4-8CBB-48C5-EF6C10806C0E}.Release|Any CPU.ActiveCfg = Release|Any CPU
		{383AC4A3-5BB4-8CBB-48C5-EF6C10806C0E}.Release|Any CPU.Build.0 = Release|Any CPU
	EndGlobalSection
	GlobalSection(SolutionProperties) = preSolution
		HideSolutionNode = FALSE
	EndGlobalSection
EndGlobal
